
Microsoft Visual Studio Solution File, Format Version 11.00
# Visual Studio 2010
Project("{FAE04EC0-301F-11D3-BF4B-00C04F79EFBC}") = "ESADS.GUI.Controls", "ESADS_GUI_Controls\ESADS.GUI.Controls.csproj", "{2F0D2E3A-660E-4D9C-BE14-1622C51C2D7F}"
EndProject
Project("{FAE04EC0-301F-11D3-BF4B-00C04F79EFBC}") = "TestWorkshop", "TestWorkshop\TestWorkshop.csproj", "{3AE24570-E8FD-4F42-8C96-21625DACF46C}"
EndProject
Global
	GlobalSection(SolutionConfigurationPlatforms) = preSolution
		Debug|Any CPU = Debug|Any CPU
		Debug|Mixed Platforms = Debug|Mixed Platforms
		Debug|x86 = Debug|x86
		Release|Any CPU = Release|Any CPU
		Release|Mixed Platforms = Release|Mixed Platforms
		Release|x86 = Release|x86
	EndGlobalSection
	GlobalSection(ProjectConfigurationPlatforms) = postSolution
		{2F0D2E3A-660E-4D9C-BE14-1622C51C2D7F}.Debug|Any CPU.ActiveCfg = Debug|Any CPU
		{2F0D2E3A-660E-4D9C-BE14-1622C51C2D7F}.Debug|Any CPU.Build.0 = Debug|Any CPU
		{2F0D2E3A-660E-4D9C-BE14-1622C51C2D7F}.Debug|Mixed Platforms.ActiveCfg = Debug|Any CPU
		{2F0D2E3A-660E-4D9C-BE14-1622C51C2D7F}.Debug|Mixed Platforms.Build.0 = Debug|Any CPU
		{2F0D2E3A-660E-4D9C-BE14-1622C51C2D7F}.Debug|x86.ActiveCfg = Debug|Any CPU
		{2F0D2E3A-660E-4D9C-BE14-1622C51C2D7F}.Release|Any CPU.ActiveCfg = Release|Any CPU
		{2F0D2E3A-660E-4D9C-BE14-1622C51C2D7F}.Release|Any CPU.Build.0 = Release|Any CPU
		{2F0D2E3A-660E-4D9C-BE14-1622C51C2D7F}.Release|Mixed Platforms.ActiveCfg = Release|Any CPU
		{2F0D2E3A-660E-4D9C-BE14-1622C51C2D7F}.Release|Mixed Platforms.Build.0 = Release|Any CPU
		{2F0D2E3A-660E-4D9C-BE14-1622C51C2D7F}.Release|x86.ActiveCfg = Release|Any CPU
		{3AE24570-E8FD-4F42-8C96-21625DACF46C}.Debug|Any CPU.ActiveCfg = Debug|x86
		{3AE24570-E8FD-4F42-8C96-21625DACF46C}.Debug|Mixed Platforms.ActiveCfg = Debug|x86
		{3AE24570-E8FD-4F42-8C96-21625DACF46C}.Debug|Mixed Platforms.Build.0 = Debug|x86
		{3AE24570-E8FD-4F42-8C96-21625DACF46C}.Debug|x86.ActiveCfg = Debug|x86
		{3AE24570-E8FD-4F42-8C96-21625DACF46C}.Debug|x86.Build.0 = Debug|x86
		{3AE24570-E8FD-4F42-8C96-21625DACF46C}.Release|Any CPU.ActiveCfg = Release|x86
		{3AE24570-E8FD-4F42-8C96-21625DACF46C}.Release|Mixed Platforms.ActiveCfg = Release|x86
		{3AE24570-E8FD-4F42-8C96-21625DACF46C}.Release|Mixed Platforms.Build.0 = Release|x86
		{3AE24570-E8FD-4F42-8C96-21625DACF46C}.Release|x86.ActiveCfg = Release|x86
		{3AE24570-E8FD-4F42-8C96-21625DACF46C}.Release|x86.Build.0 = Release|x86
	EndGlobalSection
	GlobalSection(SolutionProperties) = preSolution
		HideSolutionNode = FALSE
	EndGlobalSection
EndGlobal
