
Microsoft Visual Studio Solution File, Format Version 11.00
# Visual Studio 2010
Project("{54435603-DBB4-11D2-8724-00A0C9A8B90C}") = "SetupESADS", "SetupESADS\SetupESADS.vdproj", "{E211E560-A158-451B-9B42-5AD604DCD8E1}"
EndProject
Global
	GlobalSection(SolutionConfigurationPlatforms) = preSolution
		Debug|Default = Debug|Default
		Release|Default = Release|Default
	EndGlobalSection
	GlobalSection(ProjectConfigurationPlatforms) = postSolution
		{E211E560-A158-451B-9B42-5AD604DCD8E1}.Debug|Default.ActiveCfg = Debug
		{E211E560-A158-451B-9B42-5AD604DCD8E1}.Debug|Default.Build.0 = Debug
		{E211E560-A158-451B-9B42-5AD604DCD8E1}.Release|Default.ActiveCfg = Release
		{E211E560-A158-451B-9B42-5AD604DCD8E1}.Release|Default.Build.0 = Release
	EndGlobalSection
	GlobalSection(SolutionProperties) = preSolution
		HideSolutionNode = FALSE
	EndGlobalSection
EndGlobal
