
Microsoft Visual Studio Solution File, Format Version 11.00
# Visual Studio 2010
Project("{FAE04EC0-301F-11D3-BF4B-00C04F79EFBC}") = "Test", "Test\Test.csproj", "{8D970EFD-AA53-4861-B36B-6AF803B5EBC7}"
EndProject
Project("{FAE04EC0-301F-11D3-BF4B-00C04F79EFBC}") = "ESADS.Graphics.Footing", "ESADS.Graphics.Footing\ESADS.Graphics.Footing.csproj", "{3402C5BA-15FB-4180-A60F-C277EE0BD309}"
EndProject
Global
	GlobalSection(SolutionConfigurationPlatforms) = preSolution
		Debug|Any CPU = Debug|Any CPU
		Debug|Mixed Platforms = Debug|Mixed Platforms
		Debug|x86 = Debug|x86
		Release|Any CPU = Release|Any CPU
		Release|Mixed Platforms = Release|Mixed Platforms
		Release|x86 = Release|x86
	EndGlobalSection
	GlobalSection(ProjectConfigurationPlatforms) = postSolution
		{8D970EFD-AA53-4861-B36B-6AF803B5EBC7}.Debug|Any CPU.ActiveCfg = Debug|x86
		{8D970EFD-AA53-4861-B36B-6AF803B5EBC7}.Debug|Mixed Platforms.ActiveCfg = Debug|x86
		{8D970EFD-AA53-4861-B36B-6AF803B5EBC7}.Debug|Mixed Platforms.Build.0 = Debug|x86
		{8D970EFD-AA53-4861-B36B-6AF803B5EBC7}.Debug|x86.ActiveCfg = Debug|x86
		{8D970EFD-AA53-4861-B36B-6AF803B5EBC7}.Debug|x86.Build.0 = Debug|x86
		{8D970EFD-AA53-4861-B36B-6AF803B5EBC7}.Release|Any CPU.ActiveCfg = Release|x86
		{8D970EFD-AA53-4861-B36B-6AF803B5EBC7}.Release|Mixed Platforms.ActiveCfg = Release|x86
		{8D970EFD-AA53-4861-B36B-6AF803B5EBC7}.Release|Mixed Platforms.Build.0 = Release|x86
		{8D970EFD-AA53-4861-B36B-6AF803B5EBC7}.Release|x86.ActiveCfg = Release|x86
		{8D970EFD-AA53-4861-B36B-6AF803B5EBC7}.Release|x86.Build.0 = Release|x86
		{3402C5BA-15FB-4180-A60F-C277EE0BD309}.Debug|Any CPU.ActiveCfg = Debug|Any CPU
		{3402C5BA-15FB-4180-A60F-C277EE0BD309}.Debug|Any CPU.Build.0 = Debug|Any CPU
		{3402C5BA-15FB-4180-A60F-C277EE0BD309}.Debug|Mixed Platforms.ActiveCfg = Debug|Any CPU
		{3402C5BA-15FB-4180-A60F-C277EE0BD309}.Debug|Mixed Platforms.Build.0 = Debug|Any CPU
		{3402C5BA-15FB-4180-A60F-C277EE0BD309}.Debug|x86.ActiveCfg = Debug|Any CPU
		{3402C5BA-15FB-4180-A60F-C277EE0BD309}.Release|Any CPU.ActiveCfg = Release|Any CPU
		{3402C5BA-15FB-4180-A60F-C277EE0BD309}.Release|Any CPU.Build.0 = Release|Any CPU
		{3402C5BA-15FB-4180-A60F-C277EE0BD309}.Release|Mixed Platforms.ActiveCfg = Release|Any CPU
		{3402C5BA-15FB-4180-A60F-C277EE0BD309}.Release|Mixed Platforms.Build.0 = Release|Any CPU
		{3402C5BA-15FB-4180-A60F-C277EE0BD309}.Release|x86.ActiveCfg = Release|Any CPU
	EndGlobalSection
	GlobalSection(SolutionProperties) = preSolution
		HideSolutionNode = FALSE
	EndGlobalSection
EndGlobal
